
Microsoft Visual Studio Solution File, Format Version 12.00
# Visual Studio Version 17
VisualStudioVersion = 17.1.32407.343
MinimumVisualStudioVersion = 10.0.40219.1
Project("{9A19103F-16F7-4668-BE54-9A1E7A4F7556}") = "ERP_WEB", "ERP_WEB\ERP_WEB.csproj", "{D8BA9559-C97A-47A1-B5D0-29CB83915F41}"
	ProjectSection(ProjectDependencies) = postProject
		{255AD333-16E6-4B01-AA7B-B6C576480CBF} = {255AD333-16E6-4B01-AA7B-B6C576480CBF}
		{DF027A51-C55B-45AB-9DB1-48E2507EA66C} = {DF027A51-C55B-45AB-9DB1-48E2507EA66C}
	EndProjectSection
EndProject
Project("{FAE04EC0-301F-11D3-BF4B-00C04F79EFBC}") = "Domain", "Domain\Domain.csproj", "{44FBE552-CA82-4DE8-B989-211AF41137A8}"
EndProject
Project("{FAE04EC0-301F-11D3-BF4B-00C04F79EFBC}") = "Infra", "Infra\Infra.csproj", "{DF027A51-C55B-45AB-9DB1-48E2507EA66C}"
EndProject
Project("{FAE04EC0-301F-11D3-BF4B-00C04F79EFBC}") = "Application", "Application\Application.csproj", "{255AD333-16E6-4B01-AA7B-B6C576480CBF}"
	ProjectSection(ProjectDependencies) = postProject
		{DF027A51-C55B-45AB-9DB1-48E2507EA66C} = {DF027A51-C55B-45AB-9DB1-48E2507EA66C}
	EndProjectSection
EndProject
Global
	GlobalSection(SolutionConfigurationPlatforms) = preSolution
		Debug|Any CPU = Debug|Any CPU
		Release|Any CPU = Release|Any CPU
	EndGlobalSection
	GlobalSection(ProjectConfigurationPlatforms) = postSolution
		{D8BA9559-C97A-47A1-B5D0-29CB83915F41}.Debug|Any CPU.ActiveCfg = Debug|Any CPU
		{D8BA9559-C97A-47A1-B5D0-29CB83915F41}.Debug|Any CPU.Build.0 = Debug|Any CPU
		{D8BA9559-C97A-47A1-B5D0-29CB83915F41}.Release|Any CPU.ActiveCfg = Release|Any CPU
		{D8BA9559-C97A-47A1-B5D0-29CB83915F41}.Release|Any CPU.Build.0 = Release|Any CPU
		{44FBE552-CA82-4DE8-B989-211AF41137A8}.Debug|Any CPU.ActiveCfg = Debug|Any CPU
		{44FBE552-CA82-4DE8-B989-211AF41137A8}.Debug|Any CPU.Build.0 = Debug|Any CPU
		{44FBE552-CA82-4DE8-B989-211AF41137A8}.Release|Any CPU.ActiveCfg = Release|Any CPU
		{44FBE552-CA82-4DE8-B989-211AF41137A8}.Release|Any CPU.Build.0 = Release|Any CPU
		{DF027A51-C55B-45AB-9DB1-48E2507EA66C}.Debug|Any CPU.ActiveCfg = Debug|Any CPU
		{DF027A51-C55B-45AB-9DB1-48E2507EA66C}.Debug|Any CPU.Build.0 = Debug|Any CPU
		{DF027A51-C55B-45AB-9DB1-48E2507EA66C}.Release|Any CPU.ActiveCfg = Release|Any CPU
		{DF027A51-C55B-45AB-9DB1-48E2507EA66C}.Release|Any CPU.Build.0 = Release|Any CPU
		{255AD333-16E6-4B01-AA7B-B6C576480CBF}.Debug|Any CPU.ActiveCfg = Debug|Any CPU
		{255AD333-16E6-4B01-AA7B-B6C576480CBF}.Debug|Any CPU.Build.0 = Debug|Any CPU
		{255AD333-16E6-4B01-AA7B-B6C576480CBF}.Release|Any CPU.ActiveCfg = Release|Any CPU
		{255AD333-16E6-4B01-AA7B-B6C576480CBF}.Release|Any CPU.Build.0 = Release|Any CPU
	EndGlobalSection
	GlobalSection(SolutionProperties) = preSolution
		HideSolutionNode = FALSE
	EndGlobalSection
	GlobalSection(ExtensibilityGlobals) = postSolution
		SolutionGuid = {7566D8D4-B91E-4FA3-A335-0C2CB7A5C401}
	EndGlobalSection
EndGlobal
